
Microsoft Visual Studio Solution File, Format Version 12.00
# Visual Studio Version 16
VisualStudioVersion = 16.0.30804.86
MinimumVisualStudioVersion = 10.0.40219.1
Project("{FAE04EC0-301F-11D3-BF4B-00C04F79EFBC}") = "C-Sharp", "C-Sharp\C-Sharp.csproj", "{3BAA11F0-4A8B-49F6-9145-3265F3CC22A5}"
EndProject
Global
	GlobalSection(SolutionConfigurationPlatforms) = preSolution
		Debug|Any CPU = Debug|Any CPU
		Release|Any CPU = Release|Any CPU
	EndGlobalSection
	GlobalSection(ProjectConfigurationPlatforms) = postSolution
		{3BAA11F0-4A8B-49F6-9145-3265F3CC22A5}.Debug|Any CPU.ActiveCfg = Debug|Any CPU
		{3BAA11F0-4A8B-49F6-9145-3265F3CC22A5}.Debug|Any CPU.Build.0 = Debug|Any CPU
		{3BAA11F0-4A8B-49F6-9145-3265F3CC22A5}.Release|Any CPU.ActiveCfg = Release|Any CPU
		{3BAA11F0-4A8B-49F6-9145-3265F3CC22A5}.Release|Any CPU.Build.0 = Release|Any CPU
	EndGlobalSection
	GlobalSection(SolutionProperties) = preSolution
		HideSolutionNode = FALSE
	EndGlobalSection
	GlobalSection(ExtensibilityGlobals) = postSolution
		SolutionGuid = {D12A7B90-4E66-49D8-B9C8-AD74297C0DFB}
	EndGlobalSection
EndGlobal
